{
  "lockfile_version": "1",
  "packages": {
    "checkov@3.2.528": {
      "last_modified": "2026-05-15T18:21:44Z",
      "resolved": "github:NixOS/nixpkgs/d233902339c02a9c334e7e593de68855ad26c4cb#checkov",
      "source": "devbox-search",
      "version": "3.2.528",
      "systems": {
        "aarch64-darwin": {
          "outputs": [
            {
              "name": "out",
              "path": "/nix/store/d5km3j2a0fahm61j84hy6a5ldwhv8ywz-checkov-3.2.528",
              "default": true
            },
            {
              "name": "dist",
              "path": "/nix/store/0sayn6smlb1ylsj57kfjd0xkf9ddy617-checkov-3.2.528-dist"
            }
          ],
          "store_path": "/nix/store/d5km3j2a0fahm61j84hy6a5ldwhv8ywz-checkov-3.2.528"
        },
        "aarch64-linux": {
          "outputs": [
            {
              "name": "out",
              "path": "/nix/store/63kyxfzy7975z3df6y1a286sahs359fy-checkov-3.2.528",
              "default": true
            },
            {
              "name": "dist",
              "path": "/nix/store/9lq4fs87qr9q71fr7yrd5nhbvps9s5yg-checkov-3.2.528-dist"
            }
          ],
          "store_path": "/nix/store/63kyxfzy7975z3df6y1a286sahs359fy-checkov-3.2.528"
        },
        "x86_64-linux": {
          "outputs": [
            {
              "name": "out",
              "path": "/nix/store/0nq8ijz5g82d1kbqp60nasj76ibid240-checkov-3.2.528",
              "default": true
            },
            {
              "name": "dist",
              "path": "/nix/store/6v6yxyxaa9bxwqgbnwrsifd0i034ajxf-checkov-3.2.528-dist"
            }
          ],
          "store_path": "/nix/store/0nq8ijz5g82d1kbqp60nasj76ibid240-checkov-3.2.528"
        }
      }
    },
    "dive@0.13.1": {
      "last_modified": "2025-12-31T03:27:36Z",
      "resolved": "github:NixOS/nixpkgs/f665af0cdb70ed27e1bd8f9fdfecaf451260fc55#dive",
      "source": "devbox-search",
      "version": "0.13.1",
      "systems": {
        "aarch64-darwin": {
          "outputs": [
            {
              "name": "out",
              "path": "/nix/store/axy5gfkipa5j25lnwc2jm642a1w7bwpk-dive-0.13.1",
              "default": true
            }
          ],
          "store_path": "/nix/store/axy5gfkipa5j25lnwc2jm642a1w7bwpk-dive-0.13.1"
        },
        "aarch64-linux": {
          "outputs": [
            {
              "name": "out",
              "path": "/nix/store/cxcq0qsg08s9q1wmds1wf7ihj2nbrjq6-dive-0.13.1",
              "default": true
            }
          ],
          "store_path": "/nix/store/cxcq0qsg08s9q1wmds1wf7ihj2nbrjq6-dive-0.13.1"
        },
        "x86_64-darwin": {
          "outputs": [
            {
              "name": "out",
              "path": "/nix/store/7w09nv4ggh5hybhlk0azps8hfw4f6jj8-dive-0.13.1",
              "default": true
            }
          ],
          "store_path": "/nix/store/7w09nv4ggh5hybhlk0azps8hfw4f6jj8-dive-0.13.1"
        },
        "x86_64-linux": {
          "outputs": [
            {
              "name": "out",
              "path": "/nix/store/55yxlk4cjzmf2gd51qbr9mp3l83mxd1d-dive-0.13.1",
              "default": true
            }
          ],
          "store_path": "/nix/store/55yxlk4cjzmf2gd51qbr9mp3l83mxd1d-dive-0.13.1"
        }
      }
    },
    "dockle@0.4.15": {
      "last_modified": "2025-12-31T03:27:36Z",
      "resolved": "github:NixOS/nixpkgs/f665af0cdb70ed27e1bd8f9fdfecaf451260fc55#dockle",
      "source": "devbox-search",
      "version": "0.4.15",
      "systems": {
        "aarch64-linux": {
          "outputs": [
            {
              "name": "out",
              "path": "/nix/store/0v8d2xr8p62xphrjydymm444lk2ibnap-dockle-0.4.15",
              "default": true
            }
          ],
          "store_path": "/nix/store/0v8d2xr8p62xphrjydymm444lk2ibnap-dockle-0.4.15"
        },
        "x86_64-linux": {
          "outputs": [
            {
              "name": "out",
              "path": "/nix/store/d8xllq75nc9f0qrdfh3ia2sxv5d1mdxl-dockle-0.4.15",
              "default": true
            }
          ],
          "store_path": "/nix/store/d8xllq75nc9f0qrdfh3ia2sxv5d1mdxl-dockle-0.4.15"
        }
      }
    },
    "eslint@10.3.0": {
      "last_modified": "2026-05-08T21:03:27Z",
      "resolved": "github:NixOS/nixpkgs/b3da656039dc7a6240f27b2ef8cc6a3ef3bccae7#eslint",
      "source": "devbox-search",
      "version": "10.3.0",
      "systems": {
        "aarch64-darwin": {
          "outputs": [
            {
              "name": "out",
              "path": "/nix/store/cgzpj7q3a4faci7kbfzksi8p1csbgmnq-eslint-10.3.0",
              "default": true
            }
          ],
          "store_path": "/nix/store/cgzpj7q3a4faci7kbfzksi8p1csbgmnq-eslint-10.3.0"
        },
        "aarch64-linux": {
          "outputs": [
            {
              "name": "out",
              "path": "/nix/store/kf7723kpz445nsnqgsysimfqqpk67r89-eslint-10.3.0",
              "default": true
            }
          ],
          "store_path": "/nix/store/kf7723kpz445nsnqgsysimfqqpk67r89-eslint-10.3.0"
        },
        "x86_64-darwin": {
          "outputs": [
            {
              "name": "out",
              "path": "/nix/store/j1ss5lhf1ig1wwq0vis9gispfwbi2c86-eslint-10.3.0",
              "default": true
            }
          ],
          "store_path": "/nix/store/j1ss5lhf1ig1wwq0vis9gispfwbi2c86-eslint-10.3.0"
        },
        "x86_64-linux": {
          "outputs": [
            {
              "name": "out",
              "path": "/nix/store/jykyzffb4mk2ks78q7g3q25wfxm4dv7r-eslint-10.3.0",
              "default": true
            }
          ],
          "store_path": "/nix/store/jykyzffb4mk2ks78q7g3q25wfxm4dv7r-eslint-10.3.0"
        }
      }
    },
    "github:NixOS/nixpkgs/nixpkgs-unstable": {
      "last_modified": "2026-01-19T00:39:23Z",
      "resolved": "github:NixOS/nixpkgs/bde09022887110deb780067364a0818e89258968?lastModified=1768783163&narHash=sha256-tLj4KcRDLakrlpvboTJDKsrp6z2XLwyQ4Zmo%2Bw8KsY4%3D"
    },
    "grype@0.112.0": {
      "last_modified": "2026-05-04T18:13:23Z",
      "resolved": "github:NixOS/nixpkgs/afc5551119aae6eab73a95c1960891cfe63204f6#grype",
      "source": "devbox-search",
      "version": "0.112.0",
      "systems": {
        "aarch64-darwin": {
          "outputs": [
            {
              "name": "out",
              "path": "/nix/store/z3rs7b7jg5nv7lh46aw8k4waf3pfjvsq-grype-0.112.0",
              "default": true
            }
          ],
          "store_path": "/nix/store/z3rs7b7jg5nv7lh46aw8k4waf3pfjvsq-grype-0.112.0"
        },
        "aarch64-linux": {
          "outputs": [
            {
              "name": "out",
              "path": "/nix/store/bsmcfnyad79ihp77jx2lp4k7kr3amm25-grype-0.112.0",
              "default": true
            }
          ],
          "store_path": "/nix/store/bsmcfnyad79ihp77jx2lp4k7kr3amm25-grype-0.112.0"
        },
        "x86_64-darwin": {
          "outputs": [
            {
              "name": "out",
              "path": "/nix/store/j6fdcz0qv9282wz22ajnlgzb3j3kg852-grype-0.112.0",
              "default": true
            }
          ],
          "store_path": "/nix/store/j6fdcz0qv9282wz22ajnlgzb3j3kg852-grype-0.112.0"
        },
        "x86_64-linux": {
          "outputs": [
            {
              "name": "out",
              "path": "/nix/store/xbj4gfgh6zxzfdjflz62i6sda72r1dx4-grype-0.112.0",
              "default": true
            }
          ],
          "store_path": "/nix/store/xbj4gfgh6zxzfdjflz62i6sda72r1dx4-grype-0.112.0"
        }
      }
    },
    "hadolint@2.14.0": {
      "last_modified": "2025-12-31T03:27:36Z",
      "resolved": "github:NixOS/nixpkgs/f665af0cdb70ed27e1bd8f9fdfecaf451260fc55#hadolint",
      "source": "devbox-search",
      "version": "2.14.0",
      "systems": {
        "aarch64-darwin": {
          "outputs": [
            {
              "name": "out",
              "path": "/nix/store/lj3nagszvx7b2b9ivfzzhxn39fg44629-hadolint-2.14.0",
              "default": true
            },
            {
              "name": "doc",
              "path": "/nix/store/q4bc58v5qwj9zllkhc6qxa2z0yy37b4k-hadolint-2.14.0-doc"
            }
          ],
          "store_path": "/nix/store/lj3nagszvx7b2b9ivfzzhxn39fg44629-hadolint-2.14.0"
        },
        "aarch64-linux": {
          "outputs": [
            {
              "name": "out",
              "path": "/nix/store/wf0zkl6yqvk27zlx6igd47jpf4y1dw0s-hadolint-2.14.0",
              "default": true
            }
          ],
          "store_path": "/nix/store/wf0zkl6yqvk27zlx6igd47jpf4y1dw0s-hadolint-2.14.0"
        },
        "x86_64-darwin": {
          "outputs": [
            {
              "name": "out",
              "path": "/nix/store/qx3c889h90s2jam941g3mx43mvgrc7ky-hadolint-2.14.0",
              "default": true
            }
          ],
          "store_path": "/nix/store/qx3c889h90s2jam941g3mx43mvgrc7ky-hadolint-2.14.0"
        },
        "x86_64-linux": {
          "outputs": [
            {
              "name": "out",
              "path": "/nix/store/9i90xvcg75jk4jj5dhvsr334bcncp7k1-hadolint-2.14.0",
              "default": true
            }
          ],
          "store_path": "/nix/store/9i90xvcg75jk4jj5dhvsr334bcncp7k1-hadolint-2.14.0"
        }
      }
    },
    "infisical@0.41.90": {
      "last_modified": "2025-12-31T03:27:36Z",
      "resolved": "github:NixOS/nixpkgs/f665af0cdb70ed27e1bd8f9fdfecaf451260fc55#infisical",
      "source": "devbox-search",
      "version": "0.41.90",
      "systems": {
        "aarch64-darwin": {
          "outputs": [
            {
              "name": "out",
              "path": "/nix/store/kpqy87c2i2m8qi87rph01n3fg4adzrbb-infisical-0.41.90",
              "default": true
            }
          ],
          "store_path": "/nix/store/kpqy87c2i2m8qi87rph01n3fg4adzrbb-infisical-0.41.90"
        },
        "aarch64-linux": {
          "outputs": [
            {
              "name": "out",
              "path": "/nix/store/z6j0rjrhf4spcac52laqd0gvhna8lg07-infisical-0.41.90",
              "default": true
            }
          ],
          "store_path": "/nix/store/z6j0rjrhf4spcac52laqd0gvhna8lg07-infisical-0.41.90"
        },
        "x86_64-darwin": {
          "outputs": [
            {
              "name": "out",
              "path": "/nix/store/f0ac9jriwyng13isxiahpwb1fa6pakp6-infisical-0.41.90",
              "default": true
            }
          ],
          "store_path": "/nix/store/f0ac9jriwyng13isxiahpwb1fa6pakp6-infisical-0.41.90"
        },
        "x86_64-linux": {
          "outputs": [
            {
              "name": "out",
              "path": "/nix/store/lx8w5gsxvz7v1dmksakn2dm46sxmc412-infisical-0.41.90",
              "default": true
            }
          ],
          "store_path": "/nix/store/lx8w5gsxvz7v1dmksakn2dm46sxmc412-infisical-0.41.90"
        }
      }
    },
    "kics@2.1.19": {
      "last_modified": "2026-02-01T05:13:08Z",
      "resolved": "github:NixOS/nixpkgs/207d15f1a6603226e1e223dc79ac29c7846da32e#kics",
      "source": "devbox-search",
      "version": "2.1.19",
      "systems": {
        "aarch64-darwin": {
          "outputs": [
            {
              "name": "out",
              "path": "/nix/store/5lqgvnhj8f15k38l8rz4w8z55qjm1n42-kics-2.1.19",
              "default": true
            }
          ],
          "store_path": "/nix/store/5lqgvnhj8f15k38l8rz4w8z55qjm1n42-kics-2.1.19"
        },
        "aarch64-linux": {
          "outputs": [
            {
              "name": "out",
              "path": "/nix/store/6v0np34bqwkwx0mp0k8d8w63ksc3gp3z-kics-2.1.19",
              "default": true
            }
          ],
          "store_path": "/nix/store/6v0np34bqwkwx0mp0k8d8w63ksc3gp3z-kics-2.1.19"
        },
        "x86_64-darwin": {
          "outputs": [
            {
              "name": "out",
              "path": "/nix/store/2brw2h4z9y6hzwwjpar8siip4z0ivq2c-kics-2.1.19",
              "default": true
            }
          ],
          "store_path": "/nix/store/2brw2h4z9y6hzwwjpar8siip4z0ivq2c-kics-2.1.19"
        },
        "x86_64-linux": {
          "outputs": [
            {
              "name": "out",
              "path": "/nix/store/nmcqx0fc9b8jcs2zsflf5hhr049bs25i-kics-2.1.19",
              "default": true
            }
          ],
          "store_path": "/nix/store/nmcqx0fc9b8jcs2zsflf5hhr049bs25i-kics-2.1.19"
        }
      }
    },
    "kind@0.31.0": {
      "last_modified": "2025-12-31T03:27:36Z",
      "resolved": "github:NixOS/nixpkgs/f665af0cdb70ed27e1bd8f9fdfecaf451260fc55#kind",
      "source": "devbox-search",
      "version": "0.31.0",
      "systems": {
        "aarch64-darwin": {
          "outputs": [
            {
              "name": "out",
              "path": "/nix/store/mbw6acfg9zwlchqmij7gd4g0sfxh61g0-kind-0.31.0",
              "default": true
            }
          ],
          "store_path": "/nix/store/mbw6acfg9zwlchqmij7gd4g0sfxh61g0-kind-0.31.0"
        },
        "aarch64-linux": {
          "outputs": [
            {
              "name": "out",
              "path": "/nix/store/3ayz1zmgwlkakdgz15isc826lhirpl0w-kind-0.31.0",
              "default": true
            }
          ],
          "store_path": "/nix/store/3ayz1zmgwlkakdgz15isc826lhirpl0w-kind-0.31.0"
        },
        "x86_64-darwin": {
          "outputs": [
            {
              "name": "out",
              "path": "/nix/store/wq2qfwvnrkfb39np762bc90y40lqs6hj-kind-0.31.0",
              "default": true
            }
          ],
          "store_path": "/nix/store/wq2qfwvnrkfb39np762bc90y40lqs6hj-kind-0.31.0"
        },
        "x86_64-linux": {
          "outputs": [
            {
              "name": "out",
              "path": "/nix/store/bwjsrl5n0lzl8d3308z1qzy5bgh9rsbh-kind-0.31.0",
              "default": true
            }
          ],
          "store_path": "/nix/store/bwjsrl5n0lzl8d3308z1qzy5bgh9rsbh-kind-0.31.0"
        }
      }
    },
    "kubectl@1.36.1": {
      "last_modified": "2026-05-14T21:33:07Z",
      "resolved": "github:NixOS/nixpkgs/8a1b0127302ea51e05bf4ea5a291743fac442406#kubectl",
      "source": "devbox-search",
      "version": "1.36.1",
      "systems": {
        "aarch64-darwin": {
          "outputs": [
            {
              "name": "out",
              "path": "/nix/store/9ffqyb73gb7iqfdnc5d9951wa31s6dm7-kubectl-1.36.1",
              "default": true
            },
            {
              "name": "man",
              "path": "/nix/store/ikrv0bx3lw05sbpycb0dxqrbwzicairl-kubectl-1.36.1-man",
              "default": true
            },
            {
              "name": "convert",
              "path": "/nix/store/hwbxah2md339xhbj0h130aav62x2qry8-kubectl-1.36.1-convert"
            }
          ],
          "store_path": "/nix/store/9ffqyb73gb7iqfdnc5d9951wa31s6dm7-kubectl-1.36.1"
        },
        "aarch64-linux": {
          "outputs": [
            {
              "name": "out",
              "path": "/nix/store/6vi8aw9lpn708vf11dwqzwa5fyfl84lx-kubectl-1.36.1",
              "default": true
            },
            {
              "name": "man",
              "path": "/nix/store/la640yyravb2mbfabic0rzhnf1h75wd6-kubectl-1.36.1-man",
              "default": true
            },
            {
              "name": "convert",
              "path": "/nix/store/xwwyhkrdh9rpfj5nqr6xzq0ji6lzqpy6-kubectl-1.36.1-convert"
            }
          ],
          "store_path": "/nix/store/6vi8aw9lpn708vf11dwqzwa5fyfl84lx-kubectl-1.36.1"
        },
        "x86_64-darwin": {
          "outputs": [
            {
              "name": "out",
              "path": "/nix/store/cpgxi7p7dniy56xv3856ama8wwdqz91b-kubectl-1.36.1",
              "default": true
            },
            {
              "name": "man",
              "path": "/nix/store/38zyzs2ka8aawrpp61awbyl5w14qgrw8-kubectl-1.36.1-man",
              "default": true
            },
            {
              "name": "convert",
              "path": "/nix/store/n3qfh2z4dlrp9r3dswj084bq2ykzprsq-kubectl-1.36.1-convert"
            }
          ],
          "store_path": "/nix/store/cpgxi7p7dniy56xv3856ama8wwdqz91b-kubectl-1.36.1"
        },
        "x86_64-linux": {
          "outputs": [
            {
              "name": "out",
              "path": "/nix/store/36fm6h2dn23x2pz7sps890xsmaarjif8-kubectl-1.36.1",
              "default": true
            },
            {
              "name": "man",
              "path": "/nix/store/61arpkkg2pqa1i2gqhs8fcprca9m0ac8-kubectl-1.36.1-man",
              "default": true
            },
            {
              "name": "convert",
              "path": "/nix/store/sp48syasn0jqn2y997pw5f461kfvij9i-kubectl-1.36.1-convert"
            }
          ],
          "store_path": "/nix/store/36fm6h2dn23x2pz7sps890xsmaarjif8-kubectl-1.36.1"
        }
      }
    },
    "kubernetes-helm@3.20.2": {
      "last_modified": "2026-04-23T13:07:47Z",
      "resolved": "github:NixOS/nixpkgs/01fbdeef22b76df85ea168fbfe1bfd9e63681b30#kubernetes-helm",
      "source": "devbox-search",
      "version": "3.20.2",
      "systems": {
        "aarch64-darwin": {
          "outputs": [
            {
              "name": "out",
              "path": "/nix/store/aa9sfjsr2w4g8xg6n9jznh18wvan4bwm-kubernetes-helm-3.20.2",
              "default": true
            }
          ],
          "store_path": "/nix/store/aa9sfjsr2w4g8xg6n9jznh18wvan4bwm-kubernetes-helm-3.20.2"
        },
        "aarch64-linux": {
          "outputs": [
            {
              "name": "out",
              "path": "/nix/store/wl1mr80ci6hj5x6nscdxqcalw2ppjf2r-kubernetes-helm-3.20.2",
              "default": true
            }
          ],
          "store_path": "/nix/store/wl1mr80ci6hj5x6nscdxqcalw2ppjf2r-kubernetes-helm-3.20.2"
        },
        "x86_64-darwin": {
          "outputs": [
            {
              "name": "out",
              "path": "/nix/store/4b3hmzwr3ydsc9gh7rv665bgp4qf2n7z-kubernetes-helm-3.20.2",
              "default": true
            }
          ],
          "store_path": "/nix/store/4b3hmzwr3ydsc9gh7rv665bgp4qf2n7z-kubernetes-helm-3.20.2"
        },
        "x86_64-linux": {
          "outputs": [
            {
              "name": "out",
              "path": "/nix/store/2qwwk0cxj9qx9c79hdhja4s4wmzikia5-kubernetes-helm-3.20.2",
              "default": true
            }
          ],
          "store_path": "/nix/store/2qwwk0cxj9qx9c79hdhja4s4wmzikia5-kubernetes-helm-3.20.2"
        }
      }
    },
    "nodejs_22@22.22.3": {
      "last_modified": "2026-05-14T12:36:40Z",
      "plugin_version": "0.0.2",
      "resolved": "github:NixOS/nixpkgs/27198194e52129ccd8e845e7d5911911e7fea7d7#nodejs_22",
      "source": "devbox-search",
      "version": "22.22.3",
      "systems": {
        "aarch64-darwin": {
          "outputs": [
            {
              "name": "out",
              "path": "/nix/store/4gl9pclv6ygwmgpg1gijza978bqbmpga-nodejs-22.22.3",
              "default": true
            }
          ],
          "store_path": "/nix/store/4gl9pclv6ygwmgpg1gijza978bqbmpga-nodejs-22.22.3"
        },
        "aarch64-linux": {
          "outputs": [
            {
              "name": "out",
              "path": "/nix/store/xa7qmarsab5ch5g7ra9ssq2x5ggdv62b-nodejs-22.22.3",
              "default": true
            }
          ],
          "store_path": "/nix/store/xa7qmarsab5ch5g7ra9ssq2x5ggdv62b-nodejs-22.22.3"
        },
        "x86_64-darwin": {
          "outputs": [
            {
              "name": "out",
              "path": "/nix/store/6db8w02ymrx1pf37fvpfzv6py0c7q0y6-nodejs-22.22.3",
              "default": true
            }
          ],
          "store_path": "/nix/store/6db8w02ymrx1pf37fvpfzv6py0c7q0y6-nodejs-22.22.3"
        },
        "x86_64-linux": {
          "outputs": [
            {
              "name": "out",
              "path": "/nix/store/qyvq4avj27g75z29c88m7pvrlkjihvj4-nodejs-22.22.3",
              "default": true
            }
          ],
          "store_path": "/nix/store/qyvq4avj27g75z29c88m7pvrlkjihvj4-nodejs-22.22.3"
        }
      }
    },
    "skopeo@1.22.2": {
      "last_modified": "2026-04-23T13:07:47Z",
      "resolved": "github:NixOS/nixpkgs/01fbdeef22b76df85ea168fbfe1bfd9e63681b30#skopeo",
      "source": "devbox-search",
      "version": "1.22.2",
      "systems": {
        "aarch64-darwin": {
          "outputs": [
            {
              "name": "out",
              "path": "/nix/store/f61gh2xwnm18986n2qmjh10jxm6c6i7n-skopeo-1.22.2",
              "default": true
            },
            {
              "name": "man",
              "path": "/nix/store/pjgrpadvl20vagwzd0wivmay7m85p84y-skopeo-1.22.2-man",
              "default": true
            }
          ],
          "store_path": "/nix/store/f61gh2xwnm18986n2qmjh10jxm6c6i7n-skopeo-1.22.2"
        },
        "aarch64-linux": {
          "outputs": [
            {
              "name": "out",
              "path": "/nix/store/137ddyf6621kbv22vrdv7rmhn75a78dh-skopeo-1.22.2",
              "default": true
            },
            {
              "name": "man",
              "path": "/nix/store/vjsliwzh03nhpmi5mhm8fm8iy2ggq7jp-skopeo-1.22.2-man",
              "default": true
            }
          ],
          "store_path": "/nix/store/137ddyf6621kbv22vrdv7rmhn75a78dh-skopeo-1.22.2"
        },
        "x86_64-darwin": {
          "outputs": [
            {
              "name": "out",
              "path": "/nix/store/il7j9988brc1x3xs3gg34wchcl2c4sc7-skopeo-1.22.2",
              "default": true
            },
            {
              "name": "man",
              "path": "/nix/store/6pr66l2c74zqlkkrfrgxv4gx0chffw8l-skopeo-1.22.2-man",
              "default": true
            }
          ],
          "store_path": "/nix/store/il7j9988brc1x3xs3gg34wchcl2c4sc7-skopeo-1.22.2"
        },
        "x86_64-linux": {
          "outputs": [
            {
              "name": "out",
              "path": "/nix/store/fwdagky9lfsyrgzxiq14zijcziazfdsn-skopeo-1.22.2",
              "default": true
            },
            {
              "name": "man",
              "path": "/nix/store/ixa8gjwsfc7b7fqpxqmk3h245zx6rfxd-skopeo-1.22.2-man",
              "default": true
            }
          ],
          "store_path": "/nix/store/fwdagky9lfsyrgzxiq14zijcziazfdsn-skopeo-1.22.2"
        }
      }
    },
    "trivy@0.69.3": {
      "last_modified": "2026-03-10T02:35:18Z",
      "resolved": "github:NixOS/nixpkgs/e607cb5360ff1234862ac9f8839522becb853bb9#trivy",
      "source": "devbox-search",
      "version": "0.69.3",
      "systems": {
        "aarch64-darwin": {
          "outputs": [
            {
              "name": "out",
              "path": "/nix/store/37gxyi63yq70l6gb3wl6j3pp2g0xq821-trivy-0.69.3",
              "default": true
            }
          ],
          "store_path": "/nix/store/37gxyi63yq70l6gb3wl6j3pp2g0xq821-trivy-0.69.3"
        },
        "aarch64-linux": {
          "outputs": [
            {
              "name": "out",
              "path": "/nix/store/1f1fk1q3pc9dvg8mq97v22k5b8rs2xhs-trivy-0.69.3",
              "default": true
            }
          ],
          "store_path": "/nix/store/1f1fk1q3pc9dvg8mq97v22k5b8rs2xhs-trivy-0.69.3"
        },
        "x86_64-darwin": {
          "outputs": [
            {
              "name": "out",
              "path": "/nix/store/4x992ixjpldiz1yhkynyglh5s1waqaqh-trivy-0.69.3",
              "default": true
            }
          ],
          "store_path": "/nix/store/4x992ixjpldiz1yhkynyglh5s1waqaqh-trivy-0.69.3"
        },
        "x86_64-linux": {
          "outputs": [
            {
              "name": "out",
              "path": "/nix/store/4i0557ffz2bfxpq28czpxg1laas7smnm-trivy-0.69.3",
              "default": true
            }
          ],
          "store_path": "/nix/store/4i0557ffz2bfxpq28czpxg1laas7smnm-trivy-0.69.3"
        }
      }
    }
  }
}
