{
  "lockfile_version": "1",
  "packages": {
    "checkov@3.2.521": {
      "last_modified": "2026-04-16T08:46:55Z",
      "resolved": "github:NixOS/nixpkgs/b86751bc4085f48661017fa226dee99fab6c651b#checkov",
      "source": "devbox-search",
      "version": "3.2.521",
      "systems": {
        "aarch64-darwin": {
          "outputs": [
            {
              "name": "out",
              "path": "/nix/store/kdf42av182pqzr1kjvbb8qqhp9qkdlkr-checkov-3.2.521",
              "default": true
            },
            {
              "name": "dist",
              "path": "/nix/store/8k1rzya06w804lyr142bnx47hq1rdd3g-checkov-3.2.521-dist"
            }
          ],
          "store_path": "/nix/store/kdf42av182pqzr1kjvbb8qqhp9qkdlkr-checkov-3.2.521"
        },
        "aarch64-linux": {
          "outputs": [
            {
              "name": "out",
              "path": "/nix/store/9f08whykll5pq4j7l5asnxhn6m2yk5pp-checkov-3.2.521",
              "default": true
            },
            {
              "name": "dist",
              "path": "/nix/store/v7nhxrxz7mrmj62mw1jabffdhmqzqk0l-checkov-3.2.521-dist"
            }
          ],
          "store_path": "/nix/store/9f08whykll5pq4j7l5asnxhn6m2yk5pp-checkov-3.2.521"
        },
        "x86_64-linux": {
          "outputs": [
            {
              "name": "out",
              "path": "/nix/store/kf273114v0pqlis7xcip6p2r64r85gcp-checkov-3.2.521",
              "default": true
            },
            {
              "name": "dist",
              "path": "/nix/store/28dj7l7m82mwkxnqad7r86in56d484w6-checkov-3.2.521-dist"
            }
          ],
          "store_path": "/nix/store/kf273114v0pqlis7xcip6p2r64r85gcp-checkov-3.2.521"
        }
      }
    },
    "dive@0.13.1": {
      "last_modified": "2025-12-31T03:27:36Z",
      "resolved": "github:NixOS/nixpkgs/f665af0cdb70ed27e1bd8f9fdfecaf451260fc55#dive",
      "source": "devbox-search",
      "version": "0.13.1",
      "systems": {
        "aarch64-darwin": {
          "outputs": [
            {
              "name": "out",
              "path": "/nix/store/axy5gfkipa5j25lnwc2jm642a1w7bwpk-dive-0.13.1",
              "default": true
            }
          ],
          "store_path": "/nix/store/axy5gfkipa5j25lnwc2jm642a1w7bwpk-dive-0.13.1"
        },
        "aarch64-linux": {
          "outputs": [
            {
              "name": "out",
              "path": "/nix/store/cxcq0qsg08s9q1wmds1wf7ihj2nbrjq6-dive-0.13.1",
              "default": true
            }
          ],
          "store_path": "/nix/store/cxcq0qsg08s9q1wmds1wf7ihj2nbrjq6-dive-0.13.1"
        },
        "x86_64-darwin": {
          "outputs": [
            {
              "name": "out",
              "path": "/nix/store/7w09nv4ggh5hybhlk0azps8hfw4f6jj8-dive-0.13.1",
              "default": true
            }
          ],
          "store_path": "/nix/store/7w09nv4ggh5hybhlk0azps8hfw4f6jj8-dive-0.13.1"
        },
        "x86_64-linux": {
          "outputs": [
            {
              "name": "out",
              "path": "/nix/store/55yxlk4cjzmf2gd51qbr9mp3l83mxd1d-dive-0.13.1",
              "default": true
            }
          ],
          "store_path": "/nix/store/55yxlk4cjzmf2gd51qbr9mp3l83mxd1d-dive-0.13.1"
        }
      }
    },
    "dockle@0.4.15": {
      "last_modified": "2025-12-31T03:27:36Z",
      "resolved": "github:NixOS/nixpkgs/f665af0cdb70ed27e1bd8f9fdfecaf451260fc55#dockle",
      "source": "devbox-search",
      "version": "0.4.15",
      "systems": {
        "aarch64-linux": {
          "outputs": [
            {
              "name": "out",
              "path": "/nix/store/0v8d2xr8p62xphrjydymm444lk2ibnap-dockle-0.4.15",
              "default": true
            }
          ],
          "store_path": "/nix/store/0v8d2xr8p62xphrjydymm444lk2ibnap-dockle-0.4.15"
        },
        "x86_64-linux": {
          "outputs": [
            {
              "name": "out",
              "path": "/nix/store/d8xllq75nc9f0qrdfh3ia2sxv5d1mdxl-dockle-0.4.15",
              "default": true
            }
          ],
          "store_path": "/nix/store/d8xllq75nc9f0qrdfh3ia2sxv5d1mdxl-dockle-0.4.15"
        }
      }
    },
    "eslint@10.2.0": {
      "last_modified": "2026-04-06T08:39:25Z",
      "resolved": "github:NixOS/nixpkgs/83e29f2b8791f6dec20804382fcd9a666d744c07#eslint",
      "source": "devbox-search",
      "version": "10.2.0",
      "systems": {
        "aarch64-darwin": {
          "outputs": [
            {
              "name": "out",
              "path": "/nix/store/rcg4gz98w5kbrxjc8c26xmavga0fmq20-eslint-10.2.0",
              "default": true
            }
          ],
          "store_path": "/nix/store/rcg4gz98w5kbrxjc8c26xmavga0fmq20-eslint-10.2.0"
        },
        "aarch64-linux": {
          "outputs": [
            {
              "name": "out",
              "path": "/nix/store/3bngxg051v98fnxx7976sn04i9ibli65-eslint-10.2.0",
              "default": true
            }
          ],
          "store_path": "/nix/store/3bngxg051v98fnxx7976sn04i9ibli65-eslint-10.2.0"
        },
        "x86_64-darwin": {
          "outputs": [
            {
              "name": "out",
              "path": "/nix/store/xc8947z6pp07s3fjs69sad4xms79knfw-eslint-10.2.0",
              "default": true
            }
          ],
          "store_path": "/nix/store/xc8947z6pp07s3fjs69sad4xms79knfw-eslint-10.2.0"
        },
        "x86_64-linux": {
          "outputs": [
            {
              "name": "out",
              "path": "/nix/store/lal7zwgp9gcz510n75f3vnmnikip1faz-eslint-10.2.0",
              "default": true
            }
          ],
          "store_path": "/nix/store/lal7zwgp9gcz510n75f3vnmnikip1faz-eslint-10.2.0"
        }
      }
    },
    "github:NixOS/nixpkgs/nixpkgs-unstable": {
      "last_modified": "2026-01-19T00:39:23Z",
      "resolved": "github:NixOS/nixpkgs/bde09022887110deb780067364a0818e89258968?lastModified=1768783163&narHash=sha256-tLj4KcRDLakrlpvboTJDKsrp6z2XLwyQ4Zmo%2Bw8KsY4%3D"
    },
    "grype@0.108.0": {
      "last_modified": "2026-02-15T09:18:18Z",
      "resolved": "github:NixOS/nixpkgs/e3cb16bccd9facebae3ba29c6a76a4cc1b73462a#grype",
      "source": "devbox-search",
      "version": "0.108.0",
      "systems": {
        "aarch64-darwin": {
          "outputs": [
            {
              "name": "out",
              "path": "/nix/store/rarribi3dbs42va4bzinrxv3ppl6p8mp-grype-0.108.0",
              "default": true
            }
          ],
          "store_path": "/nix/store/rarribi3dbs42va4bzinrxv3ppl6p8mp-grype-0.108.0"
        },
        "aarch64-linux": {
          "outputs": [
            {
              "name": "out",
              "path": "/nix/store/72lf1svrn8l5mnw8wxc56ac2sa8sasms-grype-0.108.0",
              "default": true
            }
          ],
          "store_path": "/nix/store/72lf1svrn8l5mnw8wxc56ac2sa8sasms-grype-0.108.0"
        },
        "x86_64-darwin": {
          "outputs": [
            {
              "name": "out",
              "path": "/nix/store/5b85p4l2sxd289kpn1vvahf5vcm7qsdy-grype-0.108.0",
              "default": true
            }
          ],
          "store_path": "/nix/store/5b85p4l2sxd289kpn1vvahf5vcm7qsdy-grype-0.108.0"
        },
        "x86_64-linux": {
          "outputs": [
            {
              "name": "out",
              "path": "/nix/store/zchgzh27rbxsdjy8zzssdc79xwwc4011-grype-0.108.0",
              "default": true
            }
          ],
          "store_path": "/nix/store/zchgzh27rbxsdjy8zzssdc79xwwc4011-grype-0.108.0"
        }
      }
    },
    "hadolint@2.14.0": {
      "last_modified": "2025-12-31T03:27:36Z",
      "resolved": "github:NixOS/nixpkgs/f665af0cdb70ed27e1bd8f9fdfecaf451260fc55#hadolint",
      "source": "devbox-search",
      "version": "2.14.0",
      "systems": {
        "aarch64-darwin": {
          "outputs": [
            {
              "name": "out",
              "path": "/nix/store/lj3nagszvx7b2b9ivfzzhxn39fg44629-hadolint-2.14.0",
              "default": true
            },
            {
              "name": "doc",
              "path": "/nix/store/q4bc58v5qwj9zllkhc6qxa2z0yy37b4k-hadolint-2.14.0-doc"
            }
          ],
          "store_path": "/nix/store/lj3nagszvx7b2b9ivfzzhxn39fg44629-hadolint-2.14.0"
        },
        "aarch64-linux": {
          "outputs": [
            {
              "name": "out",
              "path": "/nix/store/wf0zkl6yqvk27zlx6igd47jpf4y1dw0s-hadolint-2.14.0",
              "default": true
            }
          ],
          "store_path": "/nix/store/wf0zkl6yqvk27zlx6igd47jpf4y1dw0s-hadolint-2.14.0"
        },
        "x86_64-darwin": {
          "outputs": [
            {
              "name": "out",
              "path": "/nix/store/qx3c889h90s2jam941g3mx43mvgrc7ky-hadolint-2.14.0",
              "default": true
            }
          ],
          "store_path": "/nix/store/qx3c889h90s2jam941g3mx43mvgrc7ky-hadolint-2.14.0"
        },
        "x86_64-linux": {
          "outputs": [
            {
              "name": "out",
              "path": "/nix/store/9i90xvcg75jk4jj5dhvsr334bcncp7k1-hadolint-2.14.0",
              "default": true
            }
          ],
          "store_path": "/nix/store/9i90xvcg75jk4jj5dhvsr334bcncp7k1-hadolint-2.14.0"
        }
      }
    },
    "infisical@0.41.90": {
      "last_modified": "2025-12-31T03:27:36Z",
      "resolved": "github:NixOS/nixpkgs/f665af0cdb70ed27e1bd8f9fdfecaf451260fc55#infisical",
      "source": "devbox-search",
      "version": "0.41.90",
      "systems": {
        "aarch64-darwin": {
          "outputs": [
            {
              "name": "out",
              "path": "/nix/store/kpqy87c2i2m8qi87rph01n3fg4adzrbb-infisical-0.41.90",
              "default": true
            }
          ],
          "store_path": "/nix/store/kpqy87c2i2m8qi87rph01n3fg4adzrbb-infisical-0.41.90"
        },
        "aarch64-linux": {
          "outputs": [
            {
              "name": "out",
              "path": "/nix/store/z6j0rjrhf4spcac52laqd0gvhna8lg07-infisical-0.41.90",
              "default": true
            }
          ],
          "store_path": "/nix/store/z6j0rjrhf4spcac52laqd0gvhna8lg07-infisical-0.41.90"
        },
        "x86_64-darwin": {
          "outputs": [
            {
              "name": "out",
              "path": "/nix/store/f0ac9jriwyng13isxiahpwb1fa6pakp6-infisical-0.41.90",
              "default": true
            }
          ],
          "store_path": "/nix/store/f0ac9jriwyng13isxiahpwb1fa6pakp6-infisical-0.41.90"
        },
        "x86_64-linux": {
          "outputs": [
            {
              "name": "out",
              "path": "/nix/store/lx8w5gsxvz7v1dmksakn2dm46sxmc412-infisical-0.41.90",
              "default": true
            }
          ],
          "store_path": "/nix/store/lx8w5gsxvz7v1dmksakn2dm46sxmc412-infisical-0.41.90"
        }
      }
    },
    "kics@2.1.19": {
      "last_modified": "2026-02-01T05:13:08Z",
      "resolved": "github:NixOS/nixpkgs/207d15f1a6603226e1e223dc79ac29c7846da32e#kics",
      "source": "devbox-search",
      "version": "2.1.19",
      "systems": {
        "aarch64-darwin": {
          "outputs": [
            {
              "name": "out",
              "path": "/nix/store/5lqgvnhj8f15k38l8rz4w8z55qjm1n42-kics-2.1.19",
              "default": true
            }
          ],
          "store_path": "/nix/store/5lqgvnhj8f15k38l8rz4w8z55qjm1n42-kics-2.1.19"
        },
        "aarch64-linux": {
          "outputs": [
            {
              "name": "out",
              "path": "/nix/store/6v0np34bqwkwx0mp0k8d8w63ksc3gp3z-kics-2.1.19",
              "default": true
            }
          ],
          "store_path": "/nix/store/6v0np34bqwkwx0mp0k8d8w63ksc3gp3z-kics-2.1.19"
        },
        "x86_64-darwin": {
          "outputs": [
            {
              "name": "out",
              "path": "/nix/store/2brw2h4z9y6hzwwjpar8siip4z0ivq2c-kics-2.1.19",
              "default": true
            }
          ],
          "store_path": "/nix/store/2brw2h4z9y6hzwwjpar8siip4z0ivq2c-kics-2.1.19"
        },
        "x86_64-linux": {
          "outputs": [
            {
              "name": "out",
              "path": "/nix/store/nmcqx0fc9b8jcs2zsflf5hhr049bs25i-kics-2.1.19",
              "default": true
            }
          ],
          "store_path": "/nix/store/nmcqx0fc9b8jcs2zsflf5hhr049bs25i-kics-2.1.19"
        }
      }
    },
    "kind@0.31.0": {
      "last_modified": "2025-12-31T03:27:36Z",
      "resolved": "github:NixOS/nixpkgs/f665af0cdb70ed27e1bd8f9fdfecaf451260fc55#kind",
      "source": "devbox-search",
      "version": "0.31.0",
      "systems": {
        "aarch64-darwin": {
          "outputs": [
            {
              "name": "out",
              "path": "/nix/store/mbw6acfg9zwlchqmij7gd4g0sfxh61g0-kind-0.31.0",
              "default": true
            }
          ],
          "store_path": "/nix/store/mbw6acfg9zwlchqmij7gd4g0sfxh61g0-kind-0.31.0"
        },
        "aarch64-linux": {
          "outputs": [
            {
              "name": "out",
              "path": "/nix/store/3ayz1zmgwlkakdgz15isc826lhirpl0w-kind-0.31.0",
              "default": true
            }
          ],
          "store_path": "/nix/store/3ayz1zmgwlkakdgz15isc826lhirpl0w-kind-0.31.0"
        },
        "x86_64-darwin": {
          "outputs": [
            {
              "name": "out",
              "path": "/nix/store/wq2qfwvnrkfb39np762bc90y40lqs6hj-kind-0.31.0",
              "default": true
            }
          ],
          "store_path": "/nix/store/wq2qfwvnrkfb39np762bc90y40lqs6hj-kind-0.31.0"
        },
        "x86_64-linux": {
          "outputs": [
            {
              "name": "out",
              "path": "/nix/store/bwjsrl5n0lzl8d3308z1qzy5bgh9rsbh-kind-0.31.0",
              "default": true
            }
          ],
          "store_path": "/nix/store/bwjsrl5n0lzl8d3308z1qzy5bgh9rsbh-kind-0.31.0"
        }
      }
    },
    "kubectl@1.35.3": {
      "last_modified": "2026-03-23T13:48:00Z",
      "resolved": "github:NixOS/nixpkgs/fdc7b8f7b30fdbedec91b71ed82f36e1637483ed#kubectl",
      "source": "devbox-search",
      "version": "1.35.3",
      "systems": {
        "aarch64-darwin": {
          "outputs": [
            {
              "name": "out",
              "path": "/nix/store/66rihhkpvgmxg3rm7n7nmms2l6vc7hm9-kubectl-1.35.3",
              "default": true
            },
            {
              "name": "man",
              "path": "/nix/store/xmz0zrh0hwmgfwx51apwpi3y8rfn8jrk-kubectl-1.35.3-man",
              "default": true
            },
            {
              "name": "convert",
              "path": "/nix/store/2386d86s036sid0gakk2byldmb894kfj-kubectl-1.35.3-convert"
            }
          ],
          "store_path": "/nix/store/66rihhkpvgmxg3rm7n7nmms2l6vc7hm9-kubectl-1.35.3"
        },
        "aarch64-linux": {
          "outputs": [
            {
              "name": "out",
              "path": "/nix/store/zsrwfw55ch6p8ilx4ikwl25h3nb0gf6j-kubectl-1.35.3",
              "default": true
            },
            {
              "name": "man",
              "path": "/nix/store/z0x4x9rp6gqp67c5vc6x8nkcmklzh15c-kubectl-1.35.3-man",
              "default": true
            },
            {
              "name": "convert",
              "path": "/nix/store/p0mwzpz8z0sb2gqsv5hqr1hii3lpvm78-kubectl-1.35.3-convert"
            }
          ],
          "store_path": "/nix/store/zsrwfw55ch6p8ilx4ikwl25h3nb0gf6j-kubectl-1.35.3"
        },
        "x86_64-darwin": {
          "outputs": [
            {
              "name": "out",
              "path": "/nix/store/0rqzvyzcs772969lgnd8ysagiwwzci5c-kubectl-1.35.3",
              "default": true
            },
            {
              "name": "man",
              "path": "/nix/store/01f28ykn75bvzm360djn72l8nsacnqn5-kubectl-1.35.3-man",
              "default": true
            },
            {
              "name": "convert",
              "path": "/nix/store/f4hjfkab89fv88mhn1ljyyz3f23cqlnn-kubectl-1.35.3-convert"
            }
          ],
          "store_path": "/nix/store/0rqzvyzcs772969lgnd8ysagiwwzci5c-kubectl-1.35.3"
        },
        "x86_64-linux": {
          "outputs": [
            {
              "name": "out",
              "path": "/nix/store/6m48j0x1w9hq9l6byqcnj82q5h0c6nbg-kubectl-1.35.3",
              "default": true
            },
            {
              "name": "man",
              "path": "/nix/store/s15vmhgq9l9mq1gmyzgxb3kqyvikq5c2-kubectl-1.35.3-man",
              "default": true
            },
            {
              "name": "convert",
              "path": "/nix/store/hi0cfsb3zpcf4g43mz2s3siic8kf3d67-kubectl-1.35.3-convert"
            }
          ],
          "store_path": "/nix/store/6m48j0x1w9hq9l6byqcnj82q5h0c6nbg-kubectl-1.35.3"
        }
      }
    },
    "kubernetes-helm@3.20.1": {
      "last_modified": "2026-04-16T08:46:55Z",
      "resolved": "github:NixOS/nixpkgs/b86751bc4085f48661017fa226dee99fab6c651b#kubernetes-helm",
      "source": "devbox-search",
      "version": "3.20.1",
      "systems": {
        "aarch64-darwin": {
          "outputs": [
            {
              "name": "out",
              "path": "/nix/store/9z8g74z70cz08i6aidqlq02b2p59blhs-kubernetes-helm-3.20.1",
              "default": true
            }
          ],
          "store_path": "/nix/store/9z8g74z70cz08i6aidqlq02b2p59blhs-kubernetes-helm-3.20.1"
        },
        "aarch64-linux": {
          "outputs": [
            {
              "name": "out",
              "path": "/nix/store/3gadj10ac3078z5klss6fdsbqr1az70h-kubernetes-helm-3.20.1",
              "default": true
            }
          ],
          "store_path": "/nix/store/3gadj10ac3078z5klss6fdsbqr1az70h-kubernetes-helm-3.20.1"
        },
        "x86_64-darwin": {
          "outputs": [
            {
              "name": "out",
              "path": "/nix/store/5x0z637clda6vpjxijgryn3aayl0nbpa-kubernetes-helm-3.20.1",
              "default": true
            }
          ],
          "store_path": "/nix/store/5x0z637clda6vpjxijgryn3aayl0nbpa-kubernetes-helm-3.20.1"
        },
        "x86_64-linux": {
          "outputs": [
            {
              "name": "out",
              "path": "/nix/store/852aq3qbnhhdz5vwmfp2p74ky2rli31j-kubernetes-helm-3.20.1",
              "default": true
            }
          ],
          "store_path": "/nix/store/852aq3qbnhhdz5vwmfp2p74ky2rli31j-kubernetes-helm-3.20.1"
        }
      }
    },
    "nodejs_22@22.22.2": {
      "last_modified": "2026-03-27T11:17:38Z",
      "plugin_version": "0.0.2",
      "resolved": "github:NixOS/nixpkgs/832efc09b4caf6b4569fbf9dc01bec3082a00611#nodejs_22",
      "source": "devbox-search",
      "version": "22.22.2",
      "systems": {
        "aarch64-darwin": {
          "outputs": [
            {
              "name": "out",
              "path": "/nix/store/jp1j44w4fvrxvx62fasairgwv80iw6x3-nodejs-22.22.2",
              "default": true
            }
          ],
          "store_path": "/nix/store/jp1j44w4fvrxvx62fasairgwv80iw6x3-nodejs-22.22.2"
        },
        "aarch64-linux": {
          "outputs": [
            {
              "name": "out",
              "path": "/nix/store/8h77mdsa9py3x9xxx2yak50fl6kqf2ma-nodejs-22.22.2",
              "default": true
            }
          ],
          "store_path": "/nix/store/8h77mdsa9py3x9xxx2yak50fl6kqf2ma-nodejs-22.22.2"
        },
        "x86_64-darwin": {
          "outputs": [
            {
              "name": "out",
              "path": "/nix/store/xn66x7bs1winnfa4pakr9lrjamb9bmj3-nodejs-22.22.2",
              "default": true
            }
          ],
          "store_path": "/nix/store/xn66x7bs1winnfa4pakr9lrjamb9bmj3-nodejs-22.22.2"
        },
        "x86_64-linux": {
          "outputs": [
            {
              "name": "out",
              "path": "/nix/store/h2barca1k5pmvcyl9fwrzwrb4cn1b248-nodejs-22.22.2",
              "default": true
            }
          ],
          "store_path": "/nix/store/h2barca1k5pmvcyl9fwrzwrb4cn1b248-nodejs-22.22.2"
        }
      }
    },
    "skopeo@1.22.1": {
      "last_modified": "2026-04-10T03:55:24Z",
      "resolved": "github:NixOS/nixpkgs/9d29d5f667d7467f98efc31881e824fa586c927e#skopeo",
      "source": "devbox-search",
      "version": "1.22.1",
      "systems": {
        "aarch64-darwin": {
          "outputs": [
            {
              "name": "out",
              "path": "/nix/store/1d5xy0x6cwm790f7s43lj7wnsv8s2asb-skopeo-1.22.1",
              "default": true
            },
            {
              "name": "man",
              "path": "/nix/store/5kv4w0221krdz7kl5xbb1ra1r8afjgl9-skopeo-1.22.1-man",
              "default": true
            }
          ],
          "store_path": "/nix/store/1d5xy0x6cwm790f7s43lj7wnsv8s2asb-skopeo-1.22.1"
        },
        "aarch64-linux": {
          "outputs": [
            {
              "name": "out",
              "path": "/nix/store/7g5vr4lzxq2x7q3ms57s7n2w9s8i20vp-skopeo-1.22.1",
              "default": true
            },
            {
              "name": "man",
              "path": "/nix/store/isr1w17cf80hngc82afkx6inia4nc9j7-skopeo-1.22.1-man",
              "default": true
            }
          ],
          "store_path": "/nix/store/7g5vr4lzxq2x7q3ms57s7n2w9s8i20vp-skopeo-1.22.1"
        },
        "x86_64-darwin": {
          "outputs": [
            {
              "name": "out",
              "path": "/nix/store/zkz7xq9sl1cifckrv2mck2fj26b1h6b7-skopeo-1.22.1",
              "default": true
            },
            {
              "name": "man",
              "path": "/nix/store/cmz8j6hbgvji4m2v1hhawrq47dwpkah1-skopeo-1.22.1-man",
              "default": true
            }
          ],
          "store_path": "/nix/store/zkz7xq9sl1cifckrv2mck2fj26b1h6b7-skopeo-1.22.1"
        },
        "x86_64-linux": {
          "outputs": [
            {
              "name": "out",
              "path": "/nix/store/m817l5s2rpxangf5ysirq531ld6bi582-skopeo-1.22.1",
              "default": true
            },
            {
              "name": "man",
              "path": "/nix/store/7n6wcfv4s9r7jm4qjvcxf8rn0kpxh2nz-skopeo-1.22.1-man",
              "default": true
            }
          ],
          "store_path": "/nix/store/m817l5s2rpxangf5ysirq531ld6bi582-skopeo-1.22.1"
        }
      }
    },
    "trivy@0.69.3": {
      "last_modified": "2026-03-10T02:35:18Z",
      "resolved": "github:NixOS/nixpkgs/e607cb5360ff1234862ac9f8839522becb853bb9#trivy",
      "source": "devbox-search",
      "version": "0.69.3",
      "systems": {
        "aarch64-darwin": {
          "outputs": [
            {
              "name": "out",
              "path": "/nix/store/37gxyi63yq70l6gb3wl6j3pp2g0xq821-trivy-0.69.3",
              "default": true
            }
          ],
          "store_path": "/nix/store/37gxyi63yq70l6gb3wl6j3pp2g0xq821-trivy-0.69.3"
        },
        "aarch64-linux": {
          "outputs": [
            {
              "name": "out",
              "path": "/nix/store/1f1fk1q3pc9dvg8mq97v22k5b8rs2xhs-trivy-0.69.3",
              "default": true
            }
          ],
          "store_path": "/nix/store/1f1fk1q3pc9dvg8mq97v22k5b8rs2xhs-trivy-0.69.3"
        },
        "x86_64-darwin": {
          "outputs": [
            {
              "name": "out",
              "path": "/nix/store/4x992ixjpldiz1yhkynyglh5s1waqaqh-trivy-0.69.3",
              "default": true
            }
          ],
          "store_path": "/nix/store/4x992ixjpldiz1yhkynyglh5s1waqaqh-trivy-0.69.3"
        },
        "x86_64-linux": {
          "outputs": [
            {
              "name": "out",
              "path": "/nix/store/4i0557ffz2bfxpq28czpxg1laas7smnm-trivy-0.69.3",
              "default": true
            }
          ],
          "store_path": "/nix/store/4i0557ffz2bfxpq28czpxg1laas7smnm-trivy-0.69.3"
        }
      }
    }
  }
}
