{
  "lockfile_version": "1",
  "packages": {
    "checkov@3.3.0": {
      "last_modified": "2026-06-13T05:27:44Z",
      "resolved": "github:NixOS/nixpkgs/5a722a7155bfc9fbe657f28d26b71860d95324bc#checkov",
      "source": "devbox-search",
      "version": "3.3.0",
      "systems": {
        "aarch64-darwin": {
          "outputs": [
            {
              "name": "out",
              "path": "/nix/store/mql3mdgpd8k86fnmdz793r4035j2w20j-checkov-3.3.0",
              "default": true
            },
            {
              "name": "dist",
              "path": "/nix/store/nh6p0z38pvlia3kdi01dcvjg99zlh8yy-checkov-3.3.0-dist"
            }
          ],
          "store_path": "/nix/store/mql3mdgpd8k86fnmdz793r4035j2w20j-checkov-3.3.0"
        },
        "aarch64-linux": {
          "outputs": [
            {
              "name": "out",
              "path": "/nix/store/3z1h7z3ra4c4lr2bsxhgib8qc13d1dma-checkov-3.3.0",
              "default": true
            },
            {
              "name": "dist",
              "path": "/nix/store/2wndmbijpk5zzavi5b4cdg5dyp147fqq-checkov-3.3.0-dist"
            }
          ],
          "store_path": "/nix/store/3z1h7z3ra4c4lr2bsxhgib8qc13d1dma-checkov-3.3.0"
        },
        "x86_64-linux": {
          "outputs": [
            {
              "name": "out",
              "path": "/nix/store/0x9dm02fzgdwdrbx5rf2a5gn5fpiar76-checkov-3.3.0",
              "default": true
            },
            {
              "name": "dist",
              "path": "/nix/store/pvwd7xws1pfkgyfx4scjhiawl8vryjwm-checkov-3.3.0-dist"
            }
          ],
          "store_path": "/nix/store/0x9dm02fzgdwdrbx5rf2a5gn5fpiar76-checkov-3.3.0"
        }
      }
    },
    "dive@0.13.1": {
      "last_modified": "2025-12-31T03:27:36Z",
      "resolved": "github:NixOS/nixpkgs/f665af0cdb70ed27e1bd8f9fdfecaf451260fc55#dive",
      "source": "devbox-search",
      "version": "0.13.1",
      "systems": {
        "aarch64-darwin": {
          "outputs": [
            {
              "name": "out",
              "path": "/nix/store/axy5gfkipa5j25lnwc2jm642a1w7bwpk-dive-0.13.1",
              "default": true
            }
          ],
          "store_path": "/nix/store/axy5gfkipa5j25lnwc2jm642a1w7bwpk-dive-0.13.1"
        },
        "aarch64-linux": {
          "outputs": [
            {
              "name": "out",
              "path": "/nix/store/cxcq0qsg08s9q1wmds1wf7ihj2nbrjq6-dive-0.13.1",
              "default": true
            }
          ],
          "store_path": "/nix/store/cxcq0qsg08s9q1wmds1wf7ihj2nbrjq6-dive-0.13.1"
        },
        "x86_64-darwin": {
          "outputs": [
            {
              "name": "out",
              "path": "/nix/store/7w09nv4ggh5hybhlk0azps8hfw4f6jj8-dive-0.13.1",
              "default": true
            }
          ],
          "store_path": "/nix/store/7w09nv4ggh5hybhlk0azps8hfw4f6jj8-dive-0.13.1"
        },
        "x86_64-linux": {
          "outputs": [
            {
              "name": "out",
              "path": "/nix/store/55yxlk4cjzmf2gd51qbr9mp3l83mxd1d-dive-0.13.1",
              "default": true
            }
          ],
          "store_path": "/nix/store/55yxlk4cjzmf2gd51qbr9mp3l83mxd1d-dive-0.13.1"
        }
      }
    },
    "dockle@0.4.15": {
      "last_modified": "2025-12-31T03:27:36Z",
      "resolved": "github:NixOS/nixpkgs/f665af0cdb70ed27e1bd8f9fdfecaf451260fc55#dockle",
      "source": "devbox-search",
      "version": "0.4.15",
      "systems": {
        "aarch64-linux": {
          "outputs": [
            {
              "name": "out",
              "path": "/nix/store/0v8d2xr8p62xphrjydymm444lk2ibnap-dockle-0.4.15",
              "default": true
            }
          ],
          "store_path": "/nix/store/0v8d2xr8p62xphrjydymm444lk2ibnap-dockle-0.4.15"
        },
        "x86_64-linux": {
          "outputs": [
            {
              "name": "out",
              "path": "/nix/store/d8xllq75nc9f0qrdfh3ia2sxv5d1mdxl-dockle-0.4.15",
              "default": true
            }
          ],
          "store_path": "/nix/store/d8xllq75nc9f0qrdfh3ia2sxv5d1mdxl-dockle-0.4.15"
        }
      }
    },
    "eslint@10.4.1": {
      "last_modified": "2026-06-05T19:07:58Z",
      "resolved": "github:NixOS/nixpkgs/891eaa77f0eed53352194677991bd30978f9b0ad#eslint",
      "source": "devbox-search",
      "version": "10.4.1",
      "systems": {
        "aarch64-darwin": {
          "outputs": [
            {
              "name": "out",
              "path": "/nix/store/czh040fsgy7vvgvfz55p9yiy0ib6ijk9-eslint-10.4.1",
              "default": true
            }
          ],
          "store_path": "/nix/store/czh040fsgy7vvgvfz55p9yiy0ib6ijk9-eslint-10.4.1"
        },
        "aarch64-linux": {
          "outputs": [
            {
              "name": "out",
              "path": "/nix/store/vbzn9y0ixalw0vzdhzihpaysivv8avbd-eslint-10.4.1",
              "default": true
            }
          ],
          "store_path": "/nix/store/vbzn9y0ixalw0vzdhzihpaysivv8avbd-eslint-10.4.1"
        },
        "x86_64-darwin": {
          "outputs": [
            {
              "name": "out",
              "path": "/nix/store/k3pnanw4kk8v22z61r7swvcrka95nk33-eslint-10.4.1",
              "default": true
            }
          ],
          "store_path": "/nix/store/k3pnanw4kk8v22z61r7swvcrka95nk33-eslint-10.4.1"
        },
        "x86_64-linux": {
          "outputs": [
            {
              "name": "out",
              "path": "/nix/store/hc973s85bsnj39j7dmpasr8kf0amznlq-eslint-10.4.1",
              "default": true
            }
          ],
          "store_path": "/nix/store/hc973s85bsnj39j7dmpasr8kf0amznlq-eslint-10.4.1"
        }
      }
    },
    "github:NixOS/nixpkgs/nixpkgs-unstable": {
      "last_modified": "2026-01-19T00:39:23Z",
      "resolved": "github:NixOS/nixpkgs/bde09022887110deb780067364a0818e89258968?lastModified=1768783163&narHash=sha256-tLj4KcRDLakrlpvboTJDKsrp6z2XLwyQ4Zmo%2Bw8KsY4%3D"
    },
    "grype@0.114.0": {
      "last_modified": "2026-06-11T01:27:03Z",
      "resolved": "github:NixOS/nixpkgs/b503dde361500433ca25a32e8f4d218bf58fb659#grype",
      "source": "devbox-search",
      "version": "0.114.0",
      "systems": {
        "aarch64-darwin": {
          "outputs": [
            {
              "name": "out",
              "path": "/nix/store/f9cmhbcil3l4pgrmfdxiddrmwlc239sn-grype-0.114.0",
              "default": true
            }
          ],
          "store_path": "/nix/store/f9cmhbcil3l4pgrmfdxiddrmwlc239sn-grype-0.114.0"
        },
        "aarch64-linux": {
          "outputs": [
            {
              "name": "out",
              "path": "/nix/store/qc13q1fnd9599plh58ik3xdi5agwc0mp-grype-0.114.0",
              "default": true
            }
          ],
          "store_path": "/nix/store/qc13q1fnd9599plh58ik3xdi5agwc0mp-grype-0.114.0"
        },
        "x86_64-darwin": {
          "outputs": [
            {
              "name": "out",
              "path": "/nix/store/r1wsq4wxqa8k7zzbja6jaql3z8k3lcdm-grype-0.114.0",
              "default": true
            }
          ],
          "store_path": "/nix/store/r1wsq4wxqa8k7zzbja6jaql3z8k3lcdm-grype-0.114.0"
        },
        "x86_64-linux": {
          "outputs": [
            {
              "name": "out",
              "path": "/nix/store/cgjskq69mag4gv0v81lyzcqdjinhdnld-grype-0.114.0",
              "default": true
            }
          ],
          "store_path": "/nix/store/cgjskq69mag4gv0v81lyzcqdjinhdnld-grype-0.114.0"
        }
      }
    },
    "hadolint@2.14.0": {
      "last_modified": "2025-12-31T03:27:36Z",
      "resolved": "github:NixOS/nixpkgs/f665af0cdb70ed27e1bd8f9fdfecaf451260fc55#hadolint",
      "source": "devbox-search",
      "version": "2.14.0",
      "systems": {
        "aarch64-darwin": {
          "outputs": [
            {
              "name": "out",
              "path": "/nix/store/lj3nagszvx7b2b9ivfzzhxn39fg44629-hadolint-2.14.0",
              "default": true
            },
            {
              "name": "doc",
              "path": "/nix/store/q4bc58v5qwj9zllkhc6qxa2z0yy37b4k-hadolint-2.14.0-doc"
            }
          ],
          "store_path": "/nix/store/lj3nagszvx7b2b9ivfzzhxn39fg44629-hadolint-2.14.0"
        },
        "aarch64-linux": {
          "outputs": [
            {
              "name": "out",
              "path": "/nix/store/wf0zkl6yqvk27zlx6igd47jpf4y1dw0s-hadolint-2.14.0",
              "default": true
            }
          ],
          "store_path": "/nix/store/wf0zkl6yqvk27zlx6igd47jpf4y1dw0s-hadolint-2.14.0"
        },
        "x86_64-darwin": {
          "outputs": [
            {
              "name": "out",
              "path": "/nix/store/qx3c889h90s2jam941g3mx43mvgrc7ky-hadolint-2.14.0",
              "default": true
            }
          ],
          "store_path": "/nix/store/qx3c889h90s2jam941g3mx43mvgrc7ky-hadolint-2.14.0"
        },
        "x86_64-linux": {
          "outputs": [
            {
              "name": "out",
              "path": "/nix/store/9i90xvcg75jk4jj5dhvsr334bcncp7k1-hadolint-2.14.0",
              "default": true
            }
          ],
          "store_path": "/nix/store/9i90xvcg75jk4jj5dhvsr334bcncp7k1-hadolint-2.14.0"
        }
      }
    },
    "infisical@0.41.90": {
      "last_modified": "2025-12-31T03:27:36Z",
      "resolved": "github:NixOS/nixpkgs/f665af0cdb70ed27e1bd8f9fdfecaf451260fc55#infisical",
      "source": "devbox-search",
      "version": "0.41.90",
      "systems": {
        "aarch64-darwin": {
          "outputs": [
            {
              "name": "out",
              "path": "/nix/store/kpqy87c2i2m8qi87rph01n3fg4adzrbb-infisical-0.41.90",
              "default": true
            }
          ],
          "store_path": "/nix/store/kpqy87c2i2m8qi87rph01n3fg4adzrbb-infisical-0.41.90"
        },
        "aarch64-linux": {
          "outputs": [
            {
              "name": "out",
              "path": "/nix/store/z6j0rjrhf4spcac52laqd0gvhna8lg07-infisical-0.41.90",
              "default": true
            }
          ],
          "store_path": "/nix/store/z6j0rjrhf4spcac52laqd0gvhna8lg07-infisical-0.41.90"
        },
        "x86_64-darwin": {
          "outputs": [
            {
              "name": "out",
              "path": "/nix/store/f0ac9jriwyng13isxiahpwb1fa6pakp6-infisical-0.41.90",
              "default": true
            }
          ],
          "store_path": "/nix/store/f0ac9jriwyng13isxiahpwb1fa6pakp6-infisical-0.41.90"
        },
        "x86_64-linux": {
          "outputs": [
            {
              "name": "out",
              "path": "/nix/store/lx8w5gsxvz7v1dmksakn2dm46sxmc412-infisical-0.41.90",
              "default": true
            }
          ],
          "store_path": "/nix/store/lx8w5gsxvz7v1dmksakn2dm46sxmc412-infisical-0.41.90"
        }
      }
    },
    "kics@2.1.19": {
      "last_modified": "2026-02-01T05:13:08Z",
      "resolved": "github:NixOS/nixpkgs/207d15f1a6603226e1e223dc79ac29c7846da32e#kics",
      "source": "devbox-search",
      "version": "2.1.19",
      "systems": {
        "aarch64-darwin": {
          "outputs": [
            {
              "name": "out",
              "path": "/nix/store/5lqgvnhj8f15k38l8rz4w8z55qjm1n42-kics-2.1.19",
              "default": true
            }
          ],
          "store_path": "/nix/store/5lqgvnhj8f15k38l8rz4w8z55qjm1n42-kics-2.1.19"
        },
        "aarch64-linux": {
          "outputs": [
            {
              "name": "out",
              "path": "/nix/store/6v0np34bqwkwx0mp0k8d8w63ksc3gp3z-kics-2.1.19",
              "default": true
            }
          ],
          "store_path": "/nix/store/6v0np34bqwkwx0mp0k8d8w63ksc3gp3z-kics-2.1.19"
        },
        "x86_64-darwin": {
          "outputs": [
            {
              "name": "out",
              "path": "/nix/store/2brw2h4z9y6hzwwjpar8siip4z0ivq2c-kics-2.1.19",
              "default": true
            }
          ],
          "store_path": "/nix/store/2brw2h4z9y6hzwwjpar8siip4z0ivq2c-kics-2.1.19"
        },
        "x86_64-linux": {
          "outputs": [
            {
              "name": "out",
              "path": "/nix/store/nmcqx0fc9b8jcs2zsflf5hhr049bs25i-kics-2.1.19",
              "default": true
            }
          ],
          "store_path": "/nix/store/nmcqx0fc9b8jcs2zsflf5hhr049bs25i-kics-2.1.19"
        }
      }
    },
    "kind@0.31.0": {
      "last_modified": "2025-12-31T03:27:36Z",
      "resolved": "github:NixOS/nixpkgs/f665af0cdb70ed27e1bd8f9fdfecaf451260fc55#kind",
      "source": "devbox-search",
      "version": "0.31.0",
      "systems": {
        "aarch64-darwin": {
          "outputs": [
            {
              "name": "out",
              "path": "/nix/store/mbw6acfg9zwlchqmij7gd4g0sfxh61g0-kind-0.31.0",
              "default": true
            }
          ],
          "store_path": "/nix/store/mbw6acfg9zwlchqmij7gd4g0sfxh61g0-kind-0.31.0"
        },
        "aarch64-linux": {
          "outputs": [
            {
              "name": "out",
              "path": "/nix/store/3ayz1zmgwlkakdgz15isc826lhirpl0w-kind-0.31.0",
              "default": true
            }
          ],
          "store_path": "/nix/store/3ayz1zmgwlkakdgz15isc826lhirpl0w-kind-0.31.0"
        },
        "x86_64-darwin": {
          "outputs": [
            {
              "name": "out",
              "path": "/nix/store/wq2qfwvnrkfb39np762bc90y40lqs6hj-kind-0.31.0",
              "default": true
            }
          ],
          "store_path": "/nix/store/wq2qfwvnrkfb39np762bc90y40lqs6hj-kind-0.31.0"
        },
        "x86_64-linux": {
          "outputs": [
            {
              "name": "out",
              "path": "/nix/store/bwjsrl5n0lzl8d3308z1qzy5bgh9rsbh-kind-0.31.0",
              "default": true
            }
          ],
          "store_path": "/nix/store/bwjsrl5n0lzl8d3308z1qzy5bgh9rsbh-kind-0.31.0"
        }
      }
    },
    "kubectl@1.36.1": {
      "last_modified": "2026-05-14T21:33:07Z",
      "resolved": "github:NixOS/nixpkgs/8a1b0127302ea51e05bf4ea5a291743fac442406#kubectl",
      "source": "devbox-search",
      "version": "1.36.1",
      "systems": {
        "aarch64-darwin": {
          "outputs": [
            {
              "name": "out",
              "path": "/nix/store/9ffqyb73gb7iqfdnc5d9951wa31s6dm7-kubectl-1.36.1",
              "default": true
            },
            {
              "name": "man",
              "path": "/nix/store/ikrv0bx3lw05sbpycb0dxqrbwzicairl-kubectl-1.36.1-man",
              "default": true
            },
            {
              "name": "convert",
              "path": "/nix/store/hwbxah2md339xhbj0h130aav62x2qry8-kubectl-1.36.1-convert"
            }
          ],
          "store_path": "/nix/store/9ffqyb73gb7iqfdnc5d9951wa31s6dm7-kubectl-1.36.1"
        },
        "aarch64-linux": {
          "outputs": [
            {
              "name": "out",
              "path": "/nix/store/6vi8aw9lpn708vf11dwqzwa5fyfl84lx-kubectl-1.36.1",
              "default": true
            },
            {
              "name": "man",
              "path": "/nix/store/la640yyravb2mbfabic0rzhnf1h75wd6-kubectl-1.36.1-man",
              "default": true
            },
            {
              "name": "convert",
              "path": "/nix/store/xwwyhkrdh9rpfj5nqr6xzq0ji6lzqpy6-kubectl-1.36.1-convert"
            }
          ],
          "store_path": "/nix/store/6vi8aw9lpn708vf11dwqzwa5fyfl84lx-kubectl-1.36.1"
        },
        "x86_64-darwin": {
          "outputs": [
            {
              "name": "out",
              "path": "/nix/store/cpgxi7p7dniy56xv3856ama8wwdqz91b-kubectl-1.36.1",
              "default": true
            },
            {
              "name": "man",
              "path": "/nix/store/38zyzs2ka8aawrpp61awbyl5w14qgrw8-kubectl-1.36.1-man",
              "default": true
            },
            {
              "name": "convert",
              "path": "/nix/store/n3qfh2z4dlrp9r3dswj084bq2ykzprsq-kubectl-1.36.1-convert"
            }
          ],
          "store_path": "/nix/store/cpgxi7p7dniy56xv3856ama8wwdqz91b-kubectl-1.36.1"
        },
        "x86_64-linux": {
          "outputs": [
            {
              "name": "out",
              "path": "/nix/store/36fm6h2dn23x2pz7sps890xsmaarjif8-kubectl-1.36.1",
              "default": true
            },
            {
              "name": "man",
              "path": "/nix/store/61arpkkg2pqa1i2gqhs8fcprca9m0ac8-kubectl-1.36.1-man",
              "default": true
            },
            {
              "name": "convert",
              "path": "/nix/store/sp48syasn0jqn2y997pw5f461kfvij9i-kubectl-1.36.1-convert"
            }
          ],
          "store_path": "/nix/store/36fm6h2dn23x2pz7sps890xsmaarjif8-kubectl-1.36.1"
        }
      }
    },
    "kubernetes-helm@3.20.2": {
      "last_modified": "2026-04-23T13:07:47Z",
      "resolved": "github:NixOS/nixpkgs/01fbdeef22b76df85ea168fbfe1bfd9e63681b30#kubernetes-helm",
      "source": "devbox-search",
      "version": "3.20.2",
      "systems": {
        "aarch64-darwin": {
          "outputs": [
            {
              "name": "out",
              "path": "/nix/store/aa9sfjsr2w4g8xg6n9jznh18wvan4bwm-kubernetes-helm-3.20.2",
              "default": true
            }
          ],
          "store_path": "/nix/store/aa9sfjsr2w4g8xg6n9jznh18wvan4bwm-kubernetes-helm-3.20.2"
        },
        "aarch64-linux": {
          "outputs": [
            {
              "name": "out",
              "path": "/nix/store/wl1mr80ci6hj5x6nscdxqcalw2ppjf2r-kubernetes-helm-3.20.2",
              "default": true
            }
          ],
          "store_path": "/nix/store/wl1mr80ci6hj5x6nscdxqcalw2ppjf2r-kubernetes-helm-3.20.2"
        },
        "x86_64-darwin": {
          "outputs": [
            {
              "name": "out",
              "path": "/nix/store/4b3hmzwr3ydsc9gh7rv665bgp4qf2n7z-kubernetes-helm-3.20.2",
              "default": true
            }
          ],
          "store_path": "/nix/store/4b3hmzwr3ydsc9gh7rv665bgp4qf2n7z-kubernetes-helm-3.20.2"
        },
        "x86_64-linux": {
          "outputs": [
            {
              "name": "out",
              "path": "/nix/store/2qwwk0cxj9qx9c79hdhja4s4wmzikia5-kubernetes-helm-3.20.2",
              "default": true
            }
          ],
          "store_path": "/nix/store/2qwwk0cxj9qx9c79hdhja4s4wmzikia5-kubernetes-helm-3.20.2"
        }
      }
    },
    "nodejs_22@22.22.3": {
      "last_modified": "2026-05-14T12:36:40Z",
      "plugin_version": "0.0.3",
      "resolved": "github:NixOS/nixpkgs/27198194e52129ccd8e845e7d5911911e7fea7d7#nodejs_22",
      "source": "devbox-search",
      "version": "22.22.3",
      "systems": {
        "aarch64-darwin": {
          "outputs": [
            {
              "name": "out",
              "path": "/nix/store/4gl9pclv6ygwmgpg1gijza978bqbmpga-nodejs-22.22.3",
              "default": true
            }
          ],
          "store_path": "/nix/store/4gl9pclv6ygwmgpg1gijza978bqbmpga-nodejs-22.22.3"
        },
        "aarch64-linux": {
          "outputs": [
            {
              "name": "out",
              "path": "/nix/store/xa7qmarsab5ch5g7ra9ssq2x5ggdv62b-nodejs-22.22.3",
              "default": true
            }
          ],
          "store_path": "/nix/store/xa7qmarsab5ch5g7ra9ssq2x5ggdv62b-nodejs-22.22.3"
        },
        "x86_64-darwin": {
          "outputs": [
            {
              "name": "out",
              "path": "/nix/store/6db8w02ymrx1pf37fvpfzv6py0c7q0y6-nodejs-22.22.3",
              "default": true
            }
          ],
          "store_path": "/nix/store/6db8w02ymrx1pf37fvpfzv6py0c7q0y6-nodejs-22.22.3"
        },
        "x86_64-linux": {
          "outputs": [
            {
              "name": "out",
              "path": "/nix/store/qyvq4avj27g75z29c88m7pvrlkjihvj4-nodejs-22.22.3",
              "default": true
            }
          ],
          "store_path": "/nix/store/qyvq4avj27g75z29c88m7pvrlkjihvj4-nodejs-22.22.3"
        }
      }
    },
    "skopeo@1.23.0": {
      "last_modified": "2026-05-27T10:28:13Z",
      "resolved": "github:NixOS/nixpkgs/4100e830e085863741bc69b156ec4ccd53ab5be0#skopeo",
      "source": "devbox-search",
      "version": "1.23.0",
      "systems": {
        "aarch64-darwin": {
          "outputs": [
            {
              "name": "out",
              "path": "/nix/store/y5m3w6w7prpnn00zq778qi42a14qypf3-skopeo-1.23.0",
              "default": true
            },
            {
              "name": "man",
              "path": "/nix/store/pdjfamky2vcwqnkdz5v3sp6b7nqlhcpk-skopeo-1.23.0-man",
              "default": true
            }
          ],
          "store_path": "/nix/store/y5m3w6w7prpnn00zq778qi42a14qypf3-skopeo-1.23.0"
        },
        "aarch64-linux": {
          "outputs": [
            {
              "name": "out",
              "path": "/nix/store/c5m17cvsnshxirxm7i3giwzbr61pq8hq-skopeo-1.23.0",
              "default": true
            },
            {
              "name": "man",
              "path": "/nix/store/5v9dmg8ryfr11cjkxpx6rr2qfbifgdbl-skopeo-1.23.0-man",
              "default": true
            }
          ],
          "store_path": "/nix/store/c5m17cvsnshxirxm7i3giwzbr61pq8hq-skopeo-1.23.0"
        },
        "x86_64-darwin": {
          "outputs": [
            {
              "name": "out",
              "path": "/nix/store/c2xk3jrzrjflhx7yknys63mbbr6bh96q-skopeo-1.23.0",
              "default": true
            },
            {
              "name": "man",
              "path": "/nix/store/q2w2vnk4458ba8c1gmh5pa503lj2h0j7-skopeo-1.23.0-man",
              "default": true
            }
          ],
          "store_path": "/nix/store/c2xk3jrzrjflhx7yknys63mbbr6bh96q-skopeo-1.23.0"
        },
        "x86_64-linux": {
          "outputs": [
            {
              "name": "out",
              "path": "/nix/store/4jcq7z7aq3mxjw9bf10x6psgwnn82qsy-skopeo-1.23.0",
              "default": true
            },
            {
              "name": "man",
              "path": "/nix/store/k0j07hdlgnwwzhhj3yf77lykrdcvzl6g-skopeo-1.23.0-man",
              "default": true
            }
          ],
          "store_path": "/nix/store/4jcq7z7aq3mxjw9bf10x6psgwnn82qsy-skopeo-1.23.0"
        }
      }
    },
    "trivy@0.71.1": {
      "last_modified": "2026-06-14T16:21:05Z",
      "resolved": "github:NixOS/nixpkgs/9eac87a12312b8f60dd52e1c6e1a265f6fc7f5fc#trivy",
      "source": "devbox-search",
      "version": "0.71.1",
      "systems": {
        "aarch64-darwin": {
          "outputs": [
            {
              "name": "out",
              "path": "/nix/store/0acq67danz6lcj0807wk0qr8yvqrxf2g-trivy-0.71.1",
              "default": true
            }
          ],
          "store_path": "/nix/store/0acq67danz6lcj0807wk0qr8yvqrxf2g-trivy-0.71.1"
        },
        "aarch64-linux": {
          "outputs": [
            {
              "name": "out",
              "path": "/nix/store/zwk4961yjhwhjdrcgah08y1p4i25bvgf-trivy-0.71.1",
              "default": true
            }
          ],
          "store_path": "/nix/store/zwk4961yjhwhjdrcgah08y1p4i25bvgf-trivy-0.71.1"
        },
        "x86_64-darwin": {
          "outputs": [
            {
              "name": "out",
              "path": "/nix/store/qv3253928h296rp24wk2hj2zz6fblbkh-trivy-0.71.1",
              "default": true
            }
          ],
          "store_path": "/nix/store/qv3253928h296rp24wk2hj2zz6fblbkh-trivy-0.71.1"
        },
        "x86_64-linux": {
          "outputs": [
            {
              "name": "out",
              "path": "/nix/store/y2r9yx8l1vggjn6k09bv25fjgmawikv1-trivy-0.71.1",
              "default": true
            }
          ],
          "store_path": "/nix/store/y2r9yx8l1vggjn6k09bv25fjgmawikv1-trivy-0.71.1"
        }
      }
    }
  }
}
